// !$*UTF8*$!
{
	archiveVersion = 1;
	classes = {
	};
	objectVersion = 46;
	objects = {

/* Begin PBXBuildFile section */
		79386F5C1D7104F9005F23C4 /* Color.swift in Sources */ = {isa = PBXBuildFile; fileRef = 79386F5B1D7104F9005F23C4 /* Color.swift */; };
		799D8A531D6E284700A04E9E /* dateHelper.swift in Sources */ = {isa = PBXBuildFile; fileRef = 799D8A521D6E284700A04E9E /* dateHelper.swift */; };
		79EA626B1D64123F00595FCF /* AppDelegate.swift in Sources */ = {isa = PBXBuildFile; fileRef = 79EA626A1D64123F00595FCF /* AppDelegate.swift */; };
		79EA62701D64123F00595FCF /* Main.storyboard in Resources */ = {isa = PBXBuildFile; fileRef = 79EA626E1D64123F00595FCF /* Main.storyboard */; };
		79EA62721D64123F00595FCF /* Assets.xcassets in Resources */ = {isa = PBXBuildFile; fileRef = 79EA62711D64123F00595FCF /* Assets.xcassets */; };
		79EA62751D64123F00595FCF /* LaunchScreen.storyboard in Resources */ = {isa = PBXBuildFile; fileRef = 79EA62731D64123F00595FCF /* LaunchScreen.storyboard */; };
		79EA627D1D64197000595FCF /* WeatherViewController.swift in Sources */ = {isa = PBXBuildFile; fileRef = 79EA627C1D64197000595FCF /* WeatherViewController.swift */; };
		79EA627F1D64199200595FCF /* Weather.swift in Sources */ = {isa = PBXBuildFile; fileRef = 79EA627E1D64199200595FCF /* Weather.swift */; };
		79EA62811D6419A000595FCF /* WeatherController.swift in Sources */ = {isa = PBXBuildFile; fileRef = 79EA62801D6419A000595FCF /* WeatherController.swift */; };
		79EA62831D6419AE00595FCF /* NetworkController.swift in Sources */ = {isa = PBXBuildFile; fileRef = 79EA62821D6419AE00595FCF /* NetworkController.swift */; };
/* End PBXBuildFile section */

/* Begin PBXFileReference section */
		79386F5B1D7104F9005F23C4 /* Color.swift */ = {isa = PBXFileReference; fileEncoding = 4; lastKnownFileType = sourcecode.swift; path = Color.swift; sourceTree = "<group>"; };
		799D8A521D6E284700A04E9E /* dateHelper.swift */ = {isa = PBXFileReference; fileEncoding = 4; lastKnownFileType = sourcecode.swift; path = dateHelper.swift; sourceTree = "<group>"; };
		79EA62671D64123F00595FCF /* WeatherByColor.app */ = {isa = PBXFileReference; explicitFileType = wrapper.application; includeInIndex = 0; path = WeatherByColor.app; sourceTree = BUILT_PRODUCTS_DIR; };
		79EA626A1D64123F00595FCF /* AppDelegate.swift */ = {isa = PBXFileReference; lastKnownFileType = sourcecode.swift; path = AppDelegate.swift; sourceTree = "<group>"; };
		79EA626F1D64123F00595FCF /* Base */ = {isa = PBXFileReference; lastKnownFileType = file.storyboard; name = Base; path = Base.lproj/Main.storyboard; sourceTree = "<group>"; };
		79EA62711D64123F00595FCF /* Assets.xcassets */ = {isa = PBXFileReference; lastKnownFileType = folder.assetcatalog; name = Assets.xcassets; path = WeatherByColor/Assets.xcassets; sourceTree = "<group>"; };
		79EA62741D64123F00595FCF /* Base */ = {isa = PBXFileReference; lastKnownFileType = file.storyboard; name = Base; path = Base.lproj/LaunchScreen.storyboard; sourceTree = "<group>"; };
		79EA62761D64123F00595FCF /* Info.plist */ = {isa = PBXFileReference; lastKnownFileType = text.plist.xml; path = Info.plist; sourceTree = "<group>"; };
		79EA627C1D64197000595FCF /* WeatherViewController.swift */ = {isa = PBXFileReference; fileEncoding = 4; lastKnownFileType = sourcecode.swift; path = WeatherViewController.swift; sourceTree = "<group>"; };
		79EA627E1D64199200595FCF /* Weather.swift */ = {isa = PBXFileReference; fileEncoding = 4; lastKnownFileType = sourcecode.swift; path = Weather.swift; sourceTree = "<group>"; };
		79EA62801D6419A000595FCF /* WeatherController.swift */ = {isa = PBXFileReference; fileEncoding = 4; lastKnownFileType = sourcecode.swift; path = WeatherController.swift; sourceTree = "<group>"; };
		79EA62821D6419AE00595FCF /* NetworkController.swift */ = {isa = PBXFileReference; fileEncoding = 4; lastKnownFileType = sourcecode.swift; path = NetworkController.swift; sourceTree = "<group>"; };
/* End PBXFileReference section */

/* Begin PBXFrameworksBuildPhase section */
		79EA62641D64123F00595FCF /* Frameworks */ = {
			isa = PBXFrameworksBuildPhase;
			buildActionMask = 2147483647;
			files = (
			);
			runOnlyForDeploymentPostprocessing = 0;
		};
/* End PBXFrameworksBuildPhase section */

/* Begin PBXGroup section */
		79EA625E1D64123F00595FCF = {
			isa = PBXGroup;
			children = (
				79EA62691D64123F00595FCF /* WeatherByColor */,
				79EA62681D64123F00595FCF /* Products */,
				79EA62711D64123F00595FCF /* Assets.xcassets */,
				79EA62731D64123F00595FCF /* LaunchScreen.storyboard */,
			);
			sourceTree = "<group>";
		};
		79EA62681D64123F00595FCF /* Products */ = {
			isa = PBXGroup;
			children = (
				79EA62671D64123F00595FCF /* WeatherByColor.app */,
			);
			name = Products;
			sourceTree = "<group>";
		};
		79EA62691D64123F00595FCF /* WeatherByColor */ = {
			isa = PBXGroup;
			children = (
				79EA626E1D64123F00595FCF /* Main.storyboard */,
				79EA62841D641A2000595FCF /* Model */,
				79EA62851D641A2700595FCF /* ModelController */,
				79EA62861D641A3000595FCF /* VC */,
				79EA62871D641A3A00595FCF /* Other */,
			);
			path = WeatherByColor;
			sourceTree = "<group>";
		};
		79EA62841D641A2000595FCF /* Model */ = {
			isa = PBXGroup;
			children = (
				79EA627E1D64199200595FCF /* Weather.swift */,
			);
			name = Model;
			sourceTree = "<group>";
		};
		79EA62851D641A2700595FCF /* ModelController */ = {
			isa = PBXGroup;
			children = (
				79EA62801D6419A000595FCF /* WeatherController.swift */,
			);
			name = ModelController;
			sourceTree = "<group>";
		};
		79EA62861D641A3000595FCF /* VC */ = {
			isa = PBXGroup;
			children = (
				79EA627C1D64197000595FCF /* WeatherViewController.swift */,
				79386F5B1D7104F9005F23C4 /* Color.swift */,
				799D8A521D6E284700A04E9E /* dateHelper.swift */,
			);
			name = VC;
			sourceTree = "<group>";
		};
		79EA62871D641A3A00595FCF /* Other */ = {
			isa = PBXGroup;
			children = (
				79EA62821D6419AE00595FCF /* NetworkController.swift */,
				79EA62761D64123F00595FCF /* Info.plist */,
				79EA626A1D64123F00595FCF /* AppDelegate.swift */,
			);
			name = Other;
			sourceTree = "<group>";
		};
/* End PBXGroup section */

/* Begin PBXNativeTarget section */
		79EA62661D64123F00595FCF /* WeatherByColor */ = {
			isa = PBXNativeTarget;
			buildConfigurationList = 79EA62791D64123F00595FCF /* Build configuration list for PBXNativeTarget "WeatherByColor" */;
			buildPhases = (
				79EA62631D64123F00595FCF /* Sources */,
				79EA62641D64123F00595FCF /* Frameworks */,
				79EA62651D64123F00595FCF /* Resources */,
			);
			buildRules = (
			);
			dependencies = (
			);
			name = WeatherByColor;
			productName = WeatherByColor;
			productReference = 79EA62671D64123F00595FCF /* WeatherByColor.app */;
			productType = "com.apple.product-type.application";
		};
/* End PBXNativeTarget section */

/* Begin PBXProject section */
		79EA625F1D64123F00595FCF /* Project object */ = {
			isa = PBXProject;
			attributes = {
				LastSwiftUpdateCheck = 0730;
				LastUpgradeCheck = 0730;
				ORGANIZATIONNAME = "Patrick Pahl";
				TargetAttributes = {
					79EA62661D64123F00595FCF = {
						CreatedOnToolsVersion = 7.3.1;
					};
				};
			};
			buildConfigurationList = 79EA62621D64123F00595FCF /* Build configuration list for PBXProject "WeatherByColor" */;
			compatibilityVersion = "Xcode 3.2";
			developmentRegion = English;
			hasScannedForEncodings = 0;
			knownRegions = (
				en,
				Base,
			);
			mainGroup = 79EA625E1D64123F00595FCF;
			productRefGroup = 79EA62681D64123F00595FCF /* Products */;
			projectDirPath = "";
			projectRoot = "";
			targets = (
				79EA62661D64123F00595FCF /* WeatherByColor */,
			);
		};
/* End PBXProject section */

/* Begin PBXResourcesBuildPhase section */
		79EA62651D64123F00595FCF /* Resources */ = {
			isa = PBXResourcesBuildPhase;
			buildActionMask = 2147483647;
			files = (
				79EA62751D64123F00595FCF /* LaunchScreen.storyboard in Resources */,
				79EA62721D64123F00595FCF /* Assets.xcassets in Resources */,
				79EA62701D64123F00595FCF /* Main.storyboard in Resources */,
			);
			runOnlyForDeploymentPostprocessing = 0;
		};
/* End PBXResourcesBuildPhase section */

/* Begin PBXSourcesBuildPhase section */
		79EA62631D64123F00595FCF /* Sources */ = {
			isa = PBXSourcesBuildPhase;
			buildActionMask = 2147483647;
			files = (
				79EA62831D6419AE00595FCF /* NetworkController.swift in Sources */,
				79EA626B1D64123F00595FCF /* AppDelegate.swift in Sources */,
				79EA627F1D64199200595FCF /* Weather.swift in Sources */,
				799D8A531D6E284700A04E9E /* dateHelper.swift in Sources */,
				79386F5C1D7104F9005F23C4 /* Color.swift in Sources */,
				79EA62811D6419A000595FCF /* WeatherController.swift in Sources */,
				79EA627D1D64197000595FCF /* WeatherViewController.swift in Sources */,
			);
			runOnlyForDeploymentPostprocessing = 0;
		};
/* End PBXSourcesBuildPhase section */

/* Begin PBXVariantGroup section */
		79EA626E1D64123F00595FCF /* Main.storyboard */ = {
			isa = PBXVariantGroup;
			children = (
				79EA626F1D64123F00595FCF /* Base */,
			);
			name = Main.storyboard;
			sourceTree = "<group>";
		};
		79EA62731D64123F00595FCF /* LaunchScreen.storyboard */ = {
			isa = PBXVariantGroup;
			children = (
				79EA62741D64123F00595FCF /* Base */,
			);
			name = LaunchScreen.storyboard;
			path = WeatherByColor;
			sourceTree = "<group>";
		};
/* End PBXVariantGroup section */

/* Begin XCBuildConfiguration section */
		79EA62771D64123F00595FCF /* Debug */ = {
			isa = XCBuildConfiguration;
			buildSettings = {
				ALWAYS_SEARCH_USER_PATHS = NO;
				CLANG_ANALYZER_NONNULL = YES;
				CLANG_CXX_LANGUAGE_STANDARD = "gnu++0x";
				CLANG_CXX_LIBRARY = "libc++";
				CLANG_ENABLE_MODULES = YES;
				CLANG_ENABLE_OBJC_ARC = YES;
				CLANG_WARN_BOOL_CONVERSION = YES;
				CLANG_WARN_CONSTANT_CONVERSION = YES;
				CLANG_WARN_DIRECT_OBJC_ISA_USAGE = YES_ERROR;
				CLANG_WARN_EMPTY_BODY = YES;
				CLANG_WARN_ENUM_CONVERSION = YES;
				CLANG_WARN_INT_CONVERSION = YES;
				CLANG_WARN_OBJC_ROOT_CLASS = YES_ERROR;
				CLANG_WARN_UNREACHABLE_CODE = YES;
				CLANG_WARN__DUPLICATE_METHOD_MATCH = YES;
				"CODE_SIGN_IDENTITY[sdk=iphoneos*]" = "iPhone Developer";
				COPY_PHASE_STRIP = NO;
				DEBUG_INFORMATION_FORMAT = dwarf;
				ENABLE_STRICT_OBJC_MSGSEND = YES;
				ENABLE_TESTABILITY = YES;
				GCC_C_LANGUAGE_STANDARD = gnu99;
				GCC_DYNAMIC_NO_PIC = NO;
				GCC_NO_COMMON_BLOCKS = YES;
				GCC_OPTIMIZATION_LEVEL = 0;
				GCC_PREPROCESSOR_DEFINITIONS = (
					"DEBUG=1",
					"$(inherited)",
				);
				GCC_WARN_64_TO_32_BIT_CONVERSION = YES;
				GCC_WARN_ABOUT_RETURN_TYPE = YES_ERROR;
				GCC_WARN_UNDECLARED_SELECTOR = YES;
				GCC_WARN_UNINITIALIZED_AUTOS = YES_AGGRESSIVE;
				GCC_WARN_UNUSED_FUNCTION = YES;
				GCC_WARN_UNUSED_VARIABLE = YES;
				IPHONEOS_DEPLOYMENT_TARGET = 9.3;
				MTL_ENABLE_DEBUG_INFO = YES;
				ONLY_ACTIVE_ARCH = YES;
				SDKROOT = iphoneos;
				SWIFT_OPTIMIZATION_LEVEL = "-Onone";
			};
			name = Debug;
		};
		79EA62781D64123F00595FCF /* Release */ = {
			isa = XCBuildConfiguration;
			buildSettings = {
				ALWAYS_SEARCH_USER_PATHS = NO;
				CLANG_ANALYZER_NONNULL = YES;
				CLANG_CXX_LANGUAGE_STANDARD = "gnu++0x";
				CLANG_CXX_LIBRARY = "libc++";
				CLANG_ENABLE_MODULES = YES;
				CLANG_ENABLE_OBJC_ARC = YES;
				CLANG_WARN_BOOL_CONVERSION = YES;
				CLANG_WARN_CONSTANT_CONVERSION = YES;
				CLANG_WARN_DIRECT_OBJC_ISA_USAGE = YES_ERROR;
				CLANG_WARN_EMPTY_BODY = YES;
				CLANG_WARN_ENUM_CONVERSION = YES;
				CLANG_WARN_INT_CONVERSION = YES;
				CLANG_WARN_OBJC_ROOT_CLASS = YES_ERROR;
				CLANG_WARN_UNREACHABLE_CODE = YES;
				CLANG_WARN__DUPLICATE_METHOD_MATCH = YES;
				"CODE_SIGN_IDENTITY[sdk=iphoneos*]" = "iPhone Developer";
				COPY_PHASE_STRIP = NO;
				DEBUG_INFORMATION_FORMAT = "dwarf-with-dsym";
				ENABLE_NS_ASSERTIONS = NO;
				ENABLE_STRICT_OBJC_MSGSEND = YES;
				GCC_C_LANGUAGE_STANDARD = gnu99;
				GCC_NO_COMMON_BLOCKS = YES;
				GCC_WARN_64_TO_32_BIT_CONVERSION = YES;
				GCC_WARN_ABOUT_RETURN_TYPE = YES_ERROR;
				GCC_WARN_UNDECLARED_SELECTOR = YES;
				GCC_WARN_UNINITIALIZED_AUTOS = YES_AGGRESSIVE;
				GCC_WARN_UNUSED_FUNCTION = YES;
				GCC_WARN_UNUSED_VARIABLE = YES;
				IPHONEOS_DEPLOYMENT_TARGET = 9.3;
				MTL_ENABLE_DEBUG_INFO = NO;
				SDKROOT = iphoneos;
				VALIDATE_PRODUCT = YES;
			};
			name = Release;
		};
		79EA627A1D64123F00595FCF /* Debug */ = {
			isa = XCBuildConfiguration;
			buildSettings = {
				ASSETCATALOG_COMPILER_APPICON_NAME = AppIcon;
				INFOPLIST_FILE = WeatherByColor/Info.plist;
				LD_RUNPATH_SEARCH_PATHS = "$(inherited) @executable_path/Frameworks";
				PRODUCT_BUNDLE_IDENTIFIER = "Patrick-Pahl.WeatherByColor";
				PRODUCT_NAME = "$(TARGET_NAME)";
			};
			name = Debug;
		};
		79EA627B1D64123F00595FCF /* Release */ = {
			isa = XCBuildConfiguration;
			buildSettings = {
				ASSETCATALOG_COMPILER_APPICON_NAME = AppIcon;
				INFOPLIST_FILE = WeatherByColor/Info.plist;
				LD_RUNPATH_SEARCH_PATHS = "$(inherited) @executable_path/Frameworks";
				PRODUCT_BUNDLE_IDENTIFIER = "Patrick-Pahl.WeatherByColor";
				PRODUCT_NAME = "$(TARGET_NAME)";
			};
			name = Release;
		};
/* End XCBuildConfiguration section */

/* Begin XCConfigurationList section */
		79EA62621D64123F00595FCF /* Build configuration list for PBXProject "WeatherByColor" */ = {
			isa = XCConfigurationList;
			buildConfigurations = (
				79EA62771D64123F00595FCF /* Debug */,
				79EA62781D64123F00595FCF /* Release */,
			);
			defaultConfigurationIsVisible = 0;
			defaultConfigurationName = Release;
		};
		79EA62791D64123F00595FCF /* Build configuration list for PBXNativeTarget "WeatherByColor" */ = {
			isa = XCConfigurationList;
			buildConfigurations = (
				79EA627A1D64123F00595FCF /* Debug */,
				79EA627B1D64123F00595FCF /* Release */,
			);
			defaultConfigurationIsVisible = 0;
			defaultConfigurationName = Release;
		};
/* End XCConfigurationList section */
	};
	rootObject = 79EA625F1D64123F00595FCF /* Project object */;
}
